github.com/LiangrunDa/AutomergePrototype v0.2.3 h1:zh3TP+tnS/HUMlDE/AwMQZhCbSLgTFjSwGtVKqYRRGc=
github.com/LiangrunDa/AutomergePrototype v0.2.3/go.mod h1:CbLand/TN+KbcqSAGrCrm61L4Nef58P2BkGcsEslk9g=
github.com/LiangrunDa/AutomergePrototype v0.2.4 h1:JRkU/ldubRZXKzazjL/Wn9NeI0tUbQeoSQ3kOo8VeYg=
github.com/LiangrunDa/AutomergePrototype v0.2.4/go.mod h1:CbLand/TN+KbcqSAGrCrm61L4Nef58P2BkGcsEslk9g=
github.com/LiangrunDa/AutomergePrototype v0.2.5 h1:/qe1fExYA+mO3jUF1+EE9zGHdZ14VsyDgcZ2ATqpgaM=
github.com/LiangrunDa/AutomergePrototype v0.2.5/go.mod h1:CbLand/TN+KbcqSAGrCrm61L4Nef58P2BkGcsEslk9g=
github.com/LiangrunDa/AutomergePrototype v0.2.6 h1:McEySEUHYKAoFV+0RLB2UrEPzfAwvoqnW+7kA7Zk2D0=
github.com/LiangrunDa/AutomergePrototype v0.2.6/go.mod h1:0tC4i6QiTIaL+rN+0piKNb7ay7YgLk5MHsuVBc84g24=
github.com/LiangrunDa/AutomergePrototype v0.2.7 h1:G0xePNtZeZDQ3euTIwCoNygMoUslOj2zp2SoL5cwk/0=
github.com/LiangrunDa/AutomergePrototype v0.2.7/go.mod h1:CbLand/TN+KbcqSAGrCrm61L4Nef58P2BkGcsEslk9g=
github.com/LiangrunDa/AutomergePrototype v0.2.8 h1:4AOmpx9Ghe2kUiPldssaibg1RizbML2W3/r0r7/I8VU=
github.com/LiangrunDa/AutomergePrototype v0.2.8/go.mod h1:CbLand/TN+KbcqSAGrCrm61L4Nef58P2BkGcsEslk9g=
github.com/LiangrunDa/AutomergePrototype v0.2.9 h1:DFYAz92qYzJWWJgG39CQvOQAXQyktXn7ruu9uQxXSR0=
github.com/LiangrunDa/AutomergePrototype v0.2.9/go.mod h1:CbLand/TN+KbcqSAGrCrm61L4Nef58P2BkGcsEslk9g=
github.com/awalterschulze/gographviz v2.0.3+incompatible h1:9sVEXJBJLwGX7EQVhLm2elIKCm7P2YHFC8v6096G09E=
github.com/awalterschulze/gographviz v2.0.3+incompatible/go.mod h1:GEV5wmg4YquNw7v1kkyoX9etIk8yVmXj+AkDHuuETHs=
github.com/davecgh/go-spew v1.1.0/go.mod h1:J7Y8YcW2NihsgmVo/mv3lAwl/skON4iLHjSsI+c5H38=
github.com/davecgh/go-spew v1.1.1/go.mod h1:J7Y8YcW2NihsgmVo/mv3lAwl/skON4iLHjSsI+c5H38=
github.com/golang-collections/collections v0.0.0-20130729185459-604e922904d3 h1:zN2lZNZRflqFyxVaTIU61KNKQ9C0055u9CAfpmqUvo4=
github.com/golang-collections/collections v0.0.0-20130729185459-604e922904d3/go.mod h1:nPpo7qLxd6XL3hWJG/O60sR8ZKfMCiIoNap5GvD12KU=
github.com/google/uuid v1.3.0 h1:t6JiXgmwXMjEs8VusXIJk2BXHsn+wx8BZdTaoZ5fu7I=
github.com/google/uuid v1.3.0/go.mod h1:TIyPZe4MgqvfeYDBFedMoGGpEw/LqOeaOT+nhxU+yHo=
github.com/google/uuid v1.3.1 h1:KjJaJ9iWZ3jOFZIf1Lqf4laDRCasjl0BCmnEGxkdLb4=
github.com/google/uuid v1.3.1/go.mod h1:TIyPZe4MgqvfeYDBFedMoGGpEw/LqOeaOT+nhxU+yHo=
github.com/pmezard/go-difflib v1.0.0/go.mod h1:iKH77koFhYxTK1pcRnkKkqfTogsbg7gZNVY4sRDYZ/4=
github.com/sirupsen/logrus v1.9.3 h1:dueUQJ1C2q9oE3F7wvmSGAaVtTmUizReu6fjN8uqzbQ=
github.com/sirupsen/logrus v1.9.3/go.mod h1:naHLuLoDiP4jHNo9R0sCBMtWGeIprob74mVsIT4qYEQ=
github.com/stretchr/objx v0.1.0/go.mod h1:HFkY916IF+rwdDfMAkV7OtwuqBVzrE8GR6GFx+wExME=
github.com/stretchr/testify v1.7.0/go.mod h1:6Fq8oRcR53rry900zMqJjRRixrwX3KX962/h/Wwjteg=
golang.org/x/sys v0.0.0-20220715151400-c0bba94af5f8/go.mod h1:oPkhp1MJrh7nUepCBck5+mAzfO9JrbApNNgaTdGDITg=
golang.org/x/sys v0.8.0 h1:EBmGv8NaZBZTWvrbjNoL6HVt+IVy3QDQpJs7VRIw3tU=
golang.org/x/sys v0.8.0/go.mod h1:oPkhp1MJrh7nUepCBck5+mAzfO9JrbApNNgaTdGDITg=
golang.org/x/sys v0.11.0 h1:eG7RXZHdqOJ1i+0lgLgCpSXAp6M3LYlAo6osgSi0xOM=
golang.org/x/sys v0.11.0/go.mod h1:oPkhp1MJrh7nUepCBck5+mAzfO9JrbApNNgaTdGDITg=
gopkg.in/check.v1 v0.0.0-20161208181325-20d25e280405/go.mod h1:Co6ibVJAznAaIkqp8huTwlJQCZ016jof/cbN4VW5Yz0=
gopkg.in/yaml.v3 v3.0.0-20200313102051-9f266ea9e77c/go.mod h1:K4uyk7z7BCEPqu6E+C64Yfv1cQ7kz7rIZviUmN+EgEM=
